{
  "version": 4,
  "terraform_version": "1.1.7",
  "serial": 12,
  "lineage": "27feb1e7-ddde-3394-3743-0f666da7232f",
  "outputs": {},
  "resources": [
    {
      "module": "module.cluster",
      "mode": "managed",
      "type": "azurerm_kubernetes_cluster_node_pool",
      "name": "monitoring",
      "provider": "provider[\"registry.terraform.io/hashicorp/azurerm\"]",
      "instances": []
    },
    {
      "module": "module.cluster",
      "mode": "managed",
      "type": "azurerm_resource_group",
      "name": "aks_group",
      "provider": "provider[\"registry.terraform.io/hashicorp/azurerm\"]",
      "instances": [
        {
          "schema_version": 0,
          "attributes": {
            "id": "/subscriptions/5c75785e-25fb-4be9-a33c-7440b2f81783/resourceGroups/aks_group",
            "location": "eastus2",
            "name": "aks_group",
            "tags": null,
            "timeouts": null
          },
          "sensitive_attributes": [],
          "private": "eyJlMmJmYjczMC1lY2FhLTExZTYtOGY4OC0zNDM2M2JjN2M0YzAiOnsiY3JlYXRlIjo1NDAwMDAwMDAwMDAwLCJkZWxldGUiOjU0MDAwMDAwMDAwMDAsInJlYWQiOjMwMDAwMDAwMDAwMCwidXBkYXRlIjo1NDAwMDAwMDAwMDAwfX0="
        }
      ]
    }
  ]
}
